// !$*UTF8*$!
{
	archiveVersion = 1;
	classes = {
	};
	objectVersion = 50;
	objects = {

/* Begin PBXBuildFile section */
		93C2228E22265702002B9988 /* AppDelegate.swift in Sources */ = {isa = PBXBuildFile; fileRef = 93C2228D22265702002B9988 /* AppDelegate.swift */; };
		93C2229022265702002B9988 /* ViewController.swift in Sources */ = {isa = PBXBuildFile; fileRef = 93C2228F22265702002B9988 /* ViewController.swift */; };
		93C2229322265702002B9988 /* Main.storyboard in Resources */ = {isa = PBXBuildFile; fileRef = 93C2229122265702002B9988 /* Main.storyboard */; };
		93C2229622265702002B9988 /* Password_Changer.xcdatamodeld in Sources */ = {isa = PBXBuildFile; fileRef = 93C2229422265702002B9988 /* Password_Changer.xcdatamodeld */; };
		93C2229822265705002B9988 /* Assets.xcassets in Resources */ = {isa = PBXBuildFile; fileRef = 93C2229722265705002B9988 /* Assets.xcassets */; };
		93C2229B22265705002B9988 /* LaunchScreen.storyboard in Resources */ = {isa = PBXBuildFile; fileRef = 93C2229922265705002B9988 /* LaunchScreen.storyboard */; };
		93E2E2322227EA0900F7F261 /* PasswordChangeHandler.swift in Sources */ = {isa = PBXBuildFile; fileRef = 93E2E2312227EA0900F7F261 /* PasswordChangeHandler.swift */; };
		93E2E2362227EC7400F7F261 /* ChangePasswordCell.swift in Sources */ = {isa = PBXBuildFile; fileRef = 93E2E2342227EC7400F7F261 /* ChangePasswordCell.swift */; };
		93E2E2372227EC7400F7F261 /* ChangePasswordCell.xib in Resources */ = {isa = PBXBuildFile; fileRef = 93E2E2352227EC7400F7F261 /* ChangePasswordCell.xib */; };
		93E2E239222FBF1400F7F261 /* AmazonPasswordChangeHandler.swift in Sources */ = {isa = PBXBuildFile; fileRef = 93E2E238222FBF1400F7F261 /* AmazonPasswordChangeHandler.swift */; };
		93E2E23B222FC73000F7F261 /* FacebookPasswordChangeHandler.swift in Sources */ = {isa = PBXBuildFile; fileRef = 93E2E23A222FC73000F7F261 /* FacebookPasswordChangeHandler.swift */; };
		93E2E23D22311CB400F7F261 /* GooglePasswordChangeHandler.swift in Sources */ = {isa = PBXBuildFile; fileRef = 93E2E23C22311CB400F7F261 /* GooglePasswordChangeHandler.swift */; };
		93E2E23F22364D4800F7F261 /* PasswordGenerator.swift in Sources */ = {isa = PBXBuildFile; fileRef = 93E2E23E22364D4800F7F261 /* PasswordGenerator.swift */; };
		93E2E241224B2A4600F7F261 /* RepeatingTImer.swift in Sources */ = {isa = PBXBuildFile; fileRef = 93E2E240224B2A4600F7F261 /* RepeatingTImer.swift */; };
/* End PBXBuildFile section */

/* Begin PBXFileReference section */
		93C2228A22265702002B9988 /* Password Changer.app */ = {isa = PBXFileReference; explicitFileType = wrapper.application; includeInIndex = 0; path = "Password Changer.app"; sourceTree = BUILT_PRODUCTS_DIR; };
		93C2228D22265702002B9988 /* AppDelegate.swift */ = {isa = PBXFileReference; lastKnownFileType = sourcecode.swift; path = AppDelegate.swift; sourceTree = "<group>"; };
		93C2228F22265702002B9988 /* ViewController.swift */ = {isa = PBXFileReference; lastKnownFileType = sourcecode.swift; path = ViewController.swift; sourceTree = "<group>"; };
		93C2229222265702002B9988 /* Base */ = {isa = PBXFileReference; lastKnownFileType = file.storyboard; name = Base; path = Base.lproj/Main.storyboard; sourceTree = "<group>"; };
		93C2229522265702002B9988 /* Password_Changer.xcdatamodel */ = {isa = PBXFileReference; lastKnownFileType = wrapper.xcdatamodel; path = Password_Changer.xcdatamodel; sourceTree = "<group>"; };
		93C2229722265705002B9988 /* Assets.xcassets */ = {isa = PBXFileReference; lastKnownFileType = folder.assetcatalog; path = Assets.xcassets; sourceTree = "<group>"; };
		93C2229A22265705002B9988 /* Base */ = {isa = PBXFileReference; lastKnownFileType = file.storyboard; name = Base; path = Base.lproj/LaunchScreen.storyboard; sourceTree = "<group>"; };
		93C2229C22265705002B9988 /* Info.plist */ = {isa = PBXFileReference; lastKnownFileType = text.plist.xml; path = Info.plist; sourceTree = "<group>"; };
		93E2E2312227EA0900F7F261 /* PasswordChangeHandler.swift */ = {isa = PBXFileReference; lastKnownFileType = sourcecode.swift; path = PasswordChangeHandler.swift; sourceTree = "<group>"; };
		93E2E2342227EC7400F7F261 /* ChangePasswordCell.swift */ = {isa = PBXFileReference; lastKnownFileType = sourcecode.swift; path = ChangePasswordCell.swift; sourceTree = "<group>"; };
		93E2E2352227EC7400F7F261 /* ChangePasswordCell.xib */ = {isa = PBXFileReference; lastKnownFileType = file.xib; path = ChangePasswordCell.xib; sourceTree = "<group>"; };
		93E2E238222FBF1400F7F261 /* AmazonPasswordChangeHandler.swift */ = {isa = PBXFileReference; lastKnownFileType = sourcecode.swift; path = AmazonPasswordChangeHandler.swift; sourceTree = "<group>"; };
		93E2E23A222FC73000F7F261 /* FacebookPasswordChangeHandler.swift */ = {isa = PBXFileReference; lastKnownFileType = sourcecode.swift; path = FacebookPasswordChangeHandler.swift; sourceTree = "<group>"; };
		93E2E23C22311CB400F7F261 /* GooglePasswordChangeHandler.swift */ = {isa = PBXFileReference; lastKnownFileType = sourcecode.swift; path = GooglePasswordChangeHandler.swift; sourceTree = "<group>"; };
		93E2E23E22364D4800F7F261 /* PasswordGenerator.swift */ = {isa = PBXFileReference; lastKnownFileType = sourcecode.swift; path = PasswordGenerator.swift; sourceTree = "<group>"; };
		93E2E240224B2A4600F7F261 /* RepeatingTImer.swift */ = {isa = PBXFileReference; lastKnownFileType = sourcecode.swift; path = RepeatingTImer.swift; sourceTree = "<group>"; };
/* End PBXFileReference section */

/* Begin PBXFrameworksBuildPhase section */
		93C2228722265702002B9988 /* Frameworks */ = {
			isa = PBXFrameworksBuildPhase;
			buildActionMask = 2147483647;
			files = (
			);
			runOnlyForDeploymentPostprocessing = 0;
		};
/* End PBXFrameworksBuildPhase section */

/* Begin PBXGroup section */
		93C2228122265702002B9988 = {
			isa = PBXGroup;
			children = (
				93C2228C22265702002B9988 /* Password Changer */,
				93C2228B22265702002B9988 /* Products */,
			);
			sourceTree = "<group>";
		};
		93C2228B22265702002B9988 /* Products */ = {
			isa = PBXGroup;
			children = (
				93C2228A22265702002B9988 /* Password Changer.app */,
			);
			name = Products;
			sourceTree = "<group>";
		};
		93C2228C22265702002B9988 /* Password Changer */ = {
			isa = PBXGroup;
			children = (
				93E2E2332227EC5900F7F261 /* views */,
				93C2228D22265702002B9988 /* AppDelegate.swift */,
				93C2228F22265702002B9988 /* ViewController.swift */,
				93C2229122265702002B9988 /* Main.storyboard */,
				93C2229722265705002B9988 /* Assets.xcassets */,
				93C2229922265705002B9988 /* LaunchScreen.storyboard */,
				93C2229C22265705002B9988 /* Info.plist */,
				93C2229422265702002B9988 /* Password_Changer.xcdatamodeld */,
				93E2E2312227EA0900F7F261 /* PasswordChangeHandler.swift */,
				93E2E238222FBF1400F7F261 /* AmazonPasswordChangeHandler.swift */,
				93E2E23A222FC73000F7F261 /* FacebookPasswordChangeHandler.swift */,
				93E2E23C22311CB400F7F261 /* GooglePasswordChangeHandler.swift */,
				93E2E23E22364D4800F7F261 /* PasswordGenerator.swift */,
				93E2E240224B2A4600F7F261 /* RepeatingTImer.swift */,
			);
			path = "Password Changer";
			sourceTree = "<group>";
		};
		93E2E2332227EC5900F7F261 /* views */ = {
			isa = PBXGroup;
			children = (
				93E2E2342227EC7400F7F261 /* ChangePasswordCell.swift */,
				93E2E2352227EC7400F7F261 /* ChangePasswordCell.xib */,
			);
			path = views;
			sourceTree = "<group>";
		};
/* End PBXGroup section */

/* Begin PBXNativeTarget section */
		93C2228922265702002B9988 /* Password Changer */ = {
			isa = PBXNativeTarget;
			buildConfigurationList = 93C2229F22265705002B9988 /* Build configuration list for PBXNativeTarget "Password Changer" */;
			buildPhases = (
				93C2228622265702002B9988 /* Sources */,
				93C2228722265702002B9988 /* Frameworks */,
				93C2228822265702002B9988 /* Resources */,
			);
			buildRules = (
			);
			dependencies = (
			);
			name = "Password Changer";
			productName = "Password Changer";
			productReference = 93C2228A22265702002B9988 /* Password Changer.app */;
			productType = "com.apple.product-type.application";
		};
/* End PBXNativeTarget section */

/* Begin PBXProject section */
		93C2228222265702002B9988 /* Project object */ = {
			isa = PBXProject;
			attributes = {
				LastSwiftUpdateCheck = 1010;
				LastUpgradeCheck = 1010;
				ORGANIZATIONNAME = "Raman Gupta";
				TargetAttributes = {
					93C2228922265702002B9988 = {
						CreatedOnToolsVersion = 10.1;
					};
				};
			};
			buildConfigurationList = 93C2228522265702002B9988 /* Build configuration list for PBXProject "Password Changer" */;
			compatibilityVersion = "Xcode 9.3";
			developmentRegion = en;
			hasScannedForEncodings = 0;
			knownRegions = (
				en,
				Base,
			);
			mainGroup = 93C2228122265702002B9988;
			productRefGroup = 93C2228B22265702002B9988 /* Products */;
			projectDirPath = "";
			projectRoot = "";
			targets = (
				93C2228922265702002B9988 /* Password Changer */,
			);
		};
/* End PBXProject section */

/* Begin PBXResourcesBuildPhase section */
		93C2228822265702002B9988 /* Resources */ = {
			isa = PBXResourcesBuildPhase;
			buildActionMask = 2147483647;
			files = (
				93E2E2372227EC7400F7F261 /* ChangePasswordCell.xib in Resources */,
				93C2229B22265705002B9988 /* LaunchScreen.storyboard in Resources */,
				93C2229822265705002B9988 /* Assets.xcassets in Resources */,
				93C2229322265702002B9988 /* Main.storyboard in Resources */,
			);
			runOnlyForDeploymentPostprocessing = 0;
		};
/* End PBXResourcesBuildPhase section */

/* Begin PBXSourcesBuildPhase section */
		93C2228622265702002B9988 /* Sources */ = {
			isa = PBXSourcesBuildPhase;
			buildActionMask = 2147483647;
			files = (
				93E2E23D22311CB400F7F261 /* GooglePasswordChangeHandler.swift in Sources */,
				93E2E23B222FC73000F7F261 /* FacebookPasswordChangeHandler.swift in Sources */,
				93C2229022265702002B9988 /* ViewController.swift in Sources */,
				93E2E239222FBF1400F7F261 /* AmazonPasswordChangeHandler.swift in Sources */,
				93E2E2322227EA0900F7F261 /* PasswordChangeHandler.swift in Sources */,
				93E2E23F22364D4800F7F261 /* PasswordGenerator.swift in Sources */,
				93C2229622265702002B9988 /* Password_Changer.xcdatamodeld in Sources */,
				93E2E2362227EC7400F7F261 /* ChangePasswordCell.swift in Sources */,
				93C2228E22265702002B9988 /* AppDelegate.swift in Sources */,
				93E2E241224B2A4600F7F261 /* RepeatingTImer.swift in Sources */,
			);
			runOnlyForDeploymentPostprocessing = 0;
		};
/* End PBXSourcesBuildPhase section */

/* Begin PBXVariantGroup section */
		93C2229122265702002B9988 /* Main.storyboard */ = {
			isa = PBXVariantGroup;
			children = (
				93C2229222265702002B9988 /* Base */,
			);
			name = Main.storyboard;
			sourceTree = "<group>";
		};
		93C2229922265705002B9988 /* LaunchScreen.storyboard */ = {
			isa = PBXVariantGroup;
			children = (
				93C2229A22265705002B9988 /* Base */,
			);
			name = LaunchScreen.storyboard;
			sourceTree = "<group>";
		};
/* End PBXVariantGroup section */

/* Begin XCBuildConfiguration section */
		93C2229D22265705002B9988 /* Debug */ = {
			isa = XCBuildConfiguration;
			buildSettings = {
				ALWAYS_SEARCH_USER_PATHS = NO;
				CLANG_ANALYZER_NONNULL = YES;
				CLANG_ANALYZER_NUMBER_OBJECT_CONVERSION = YES_AGGRESSIVE;
				CLANG_CXX_LANGUAGE_STANDARD = "gnu++14";
				CLANG_CXX_LIBRARY = "libc++";
				CLANG_ENABLE_MODULES = YES;
				CLANG_ENABLE_OBJC_ARC = YES;
				CLANG_ENABLE_OBJC_WEAK = YES;
				CLANG_WARN_BLOCK_CAPTURE_AUTORELEASING = YES;
				CLANG_WARN_BOOL_CONVERSION = YES;
				CLANG_WARN_COMMA = YES;
				CLANG_WARN_CONSTANT_CONVERSION = YES;
				CLANG_WARN_DEPRECATED_OBJC_IMPLEMENTATIONS = YES;
				CLANG_WARN_DIRECT_OBJC_ISA_USAGE = YES_ERROR;
				CLANG_WARN_DOCUMENTATION_COMMENTS = YES;
				CLANG_WARN_EMPTY_BODY = YES;
				CLANG_WARN_ENUM_CONVERSION = YES;
				CLANG_WARN_INFINITE_RECURSION = YES;
				CLANG_WARN_INT_CONVERSION = YES;
				CLANG_WARN_NON_LITERAL_NULL_CONVERSION = YES;
				CLANG_WARN_OBJC_IMPLICIT_RETAIN_SELF = YES;
				CLANG_WARN_OBJC_LITERAL_CONVERSION = YES;
				CLANG_WARN_OBJC_ROOT_CLASS = YES_ERROR;
				CLANG_WARN_RANGE_LOOP_ANALYSIS = YES;
				CLANG_WARN_STRICT_PROTOTYPES = YES;
				CLANG_WARN_SUSPICIOUS_MOVE = YES;
				CLANG_WARN_UNGUARDED_AVAILABILITY = YES_AGGRESSIVE;
				CLANG_WARN_UNREACHABLE_CODE = YES;
				CLANG_WARN__DUPLICATE_METHOD_MATCH = YES;
				CODE_SIGN_IDENTITY = "iPhone Developer";
				COPY_PHASE_STRIP = NO;
				DEBUG_INFORMATION_FORMAT = dwarf;
				ENABLE_STRICT_OBJC_MSGSEND = YES;
				ENABLE_TESTABILITY = YES;
				GCC_C_LANGUAGE_STANDARD = gnu11;
				GCC_DYNAMIC_NO_PIC = NO;
				GCC_NO_COMMON_BLOCKS = YES;
				GCC_OPTIMIZATION_LEVEL = 0;
				GCC_PREPROCESSOR_DEFINITIONS = (
					"DEBUG=1",
					"$(inherited)",
				);
				GCC_WARN_64_TO_32_BIT_CONVERSION = YES;
				GCC_WARN_ABOUT_RETURN_TYPE = YES_ERROR;
				GCC_WARN_UNDECLARED_SELECTOR = YES;
				GCC_WARN_UNINITIALIZED_AUTOS = YES_AGGRESSIVE;
				GCC_WARN_UNUSED_FUNCTION = YES;
				GCC_WARN_UNUSED_VARIABLE = YES;
				IPHONEOS_DEPLOYMENT_TARGET = 12.1;
				MTL_ENABLE_DEBUG_INFO = INCLUDE_SOURCE;
				MTL_FAST_MATH = YES;
				ONLY_ACTIVE_ARCH = YES;
				SDKROOT = iphoneos;
				SWIFT_ACTIVE_COMPILATION_CONDITIONS = DEBUG;
				SWIFT_OPTIMIZATION_LEVEL = "-Onone";
			};
			name = Debug;
		};
		93C2229E22265705002B9988 /* Release */ = {
			isa = XCBuildConfiguration;
			buildSettings = {
				ALWAYS_SEARCH_USER_PATHS = NO;
				CLANG_ANALYZER_NONNULL = YES;
				CLANG_ANALYZER_NUMBER_OBJECT_CONVERSION = YES_AGGRESSIVE;
				CLANG_CXX_LANGUAGE_STANDARD = "gnu++14";
				CLANG_CXX_LIBRARY = "libc++";
				CLANG_ENABLE_MODULES = YES;
				CLANG_ENABLE_OBJC_ARC = YES;
				CLANG_ENABLE_OBJC_WEAK = YES;
				CLANG_WARN_BLOCK_CAPTURE_AUTORELEASING = YES;
				CLANG_WARN_BOOL_CONVERSION = YES;
				CLANG_WARN_COMMA = YES;
				CLANG_WARN_CONSTANT_CONVERSION = YES;
				CLANG_WARN_DEPRECATED_OBJC_IMPLEMENTATIONS = YES;
				CLANG_WARN_DIRECT_OBJC_ISA_USAGE = YES_ERROR;
				CLANG_WARN_DOCUMENTATION_COMMENTS = YES;
				CLANG_WARN_EMPTY_BODY = YES;
				CLANG_WARN_ENUM_CONVERSION = YES;
				CLANG_WARN_INFINITE_RECURSION = YES;
				CLANG_WARN_INT_CONVERSION = YES;
				CLANG_WARN_NON_LITERAL_NULL_CONVERSION = YES;
				CLANG_WARN_OBJC_IMPLICIT_RETAIN_SELF = YES;
				CLANG_WARN_OBJC_LITERAL_CONVERSION = YES;
				CLANG_WARN_OBJC_ROOT_CLASS = YES_ERROR;
				CLANG_WARN_RANGE_LOOP_ANALYSIS = YES;
				CLANG_WARN_STRICT_PROTOTYPES = YES;
				CLANG_WARN_SUSPICIOUS_MOVE = YES;
				CLANG_WARN_UNGUARDED_AVAILABILITY = YES_AGGRESSIVE;
				CLANG_WARN_UNREACHABLE_CODE = YES;
				CLANG_WARN__DUPLICATE_METHOD_MATCH = YES;
				CODE_SIGN_IDENTITY = "iPhone Developer";
				COPY_PHASE_STRIP = NO;
				DEBUG_INFORMATION_FORMAT = "dwarf-with-dsym";
				ENABLE_NS_ASSERTIONS = NO;
				ENABLE_STRICT_OBJC_MSGSEND = YES;
				GCC_C_LANGUAGE_STANDARD = gnu11;
				GCC_NO_COMMON_BLOCKS = YES;
				GCC_WARN_64_TO_32_BIT_CONVERSION = YES;
				GCC_WARN_ABOUT_RETURN_TYPE = YES_ERROR;
				GCC_WARN_UNDECLARED_SELECTOR = YES;
				GCC_WARN_UNINITIALIZED_AUTOS = YES_AGGRESSIVE;
				GCC_WARN_UNUSED_FUNCTION = YES;
				GCC_WARN_UNUSED_VARIABLE = YES;
				IPHONEOS_DEPLOYMENT_TARGET = 12.1;
				MTL_ENABLE_DEBUG_INFO = NO;
				MTL_FAST_MATH = YES;
				SDKROOT = iphoneos;
				SWIFT_COMPILATION_MODE = wholemodule;
				SWIFT_OPTIMIZATION_LEVEL = "-O";
				VALIDATE_PRODUCT = YES;
			};
			name = Release;
		};
		93C222A022265705002B9988 /* Debug */ = {
			isa = XCBuildConfiguration;
			buildSettings = {
				ASSETCATALOG_COMPILER_APPICON_NAME = AppIcon;
				CODE_SIGN_STYLE = Automatic;
				DEVELOPMENT_TEAM = LPD2LM7LAG;
				INFOPLIST_FILE = "Password Changer/Info.plist";
				LD_RUNPATH_SEARCH_PATHS = (
					"$(inherited)",
					"@executable_path/Frameworks",
				);
				PRODUCT_BUNDLE_IDENTIFIER = "com.microsoft.passwordchanger.Password-Changer";
				PRODUCT_NAME = "$(TARGET_NAME)";
				SWIFT_VERSION = 4.2;
				TARGETED_DEVICE_FAMILY = "1,2";
			};
			name = Debug;
		};
		93C222A122265705002B9988 /* Release */ = {
			isa = XCBuildConfiguration;
			buildSettings = {
				ASSETCATALOG_COMPILER_APPICON_NAME = AppIcon;
				CODE_SIGN_STYLE = Automatic;
				DEVELOPMENT_TEAM = LPD2LM7LAG;
				INFOPLIST_FILE = "Password Changer/Info.plist";
				LD_RUNPATH_SEARCH_PATHS = (
					"$(inherited)",
					"@executable_path/Frameworks",
				);
				PRODUCT_BUNDLE_IDENTIFIER = "com.microsoft.passwordchanger.Password-Changer";
				PRODUCT_NAME = "$(TARGET_NAME)";
				SWIFT_VERSION = 4.2;
				TARGETED_DEVICE_FAMILY = "1,2";
			};
			name = Release;
		};
/* End XCBuildConfiguration section */

/* Begin XCConfigurationList section */
		93C2228522265702002B9988 /* Build configuration list for PBXProject "Password Changer" */ = {
			isa = XCConfigurationList;
			buildConfigurations = (
				93C2229D22265705002B9988 /* Debug */,
				93C2229E22265705002B9988 /* Release */,
			);
			defaultConfigurationIsVisible = 0;
			defaultConfigurationName = Release;
		};
		93C2229F22265705002B9988 /* Build configuration list for PBXNativeTarget "Password Changer" */ = {
			isa = XCConfigurationList;
			buildConfigurations = (
				93C222A022265705002B9988 /* Debug */,
				93C222A122265705002B9988 /* Release */,
			);
			defaultConfigurationIsVisible = 0;
			defaultConfigurationName = Release;
		};
/* End XCConfigurationList section */

/* Begin XCVersionGroup section */
		93C2229422265702002B9988 /* Password_Changer.xcdatamodeld */ = {
			isa = XCVersionGroup;
			children = (
				93C2229522265702002B9988 /* Password_Changer.xcdatamodel */,
			);
			currentVersion = 93C2229522265702002B9988 /* Password_Changer.xcdatamodel */;
			path = Password_Changer.xcdatamodeld;
			sourceTree = "<group>";
			versionGroupType = wrapper.xcdatamodel;
		};
/* End XCVersionGroup section */
	};
	rootObject = 93C2228222265702002B9988 /* Project object */;
}
